{
  "nodes": {
    "nixpkgs": {
      "locked": {
        "lastModified": 1745794561,
        "narHash": "sha256-T36rUZHUART00h3dW4sV5tv4MrXKT7aWjNfHiZz7OHg=",
        "rev": "5461b7fa65f3ca74cef60be837fd559a8918eaa0",
        "revCount": 791210,
        "type": "tarball",
        "url": "https://api.flakehub.com/f/pinned/NixOS/nixpkgs/0.1.791210%2Brev-5461b7fa65f3ca74cef60be837fd559a8918eaa0/01967f56-507d-73e6-ab3a-6e11e0629fca/source.tar.gz"
      },
      "original": {
        "type": "tarball",
        "url": "https://flakehub.com/f/NixOS/nixpkgs/0.1.%2A.tar.gz"
      }
    },
    "root": {
      "inputs": {
        "nixpkgs": "nixpkgs",
        "rust-overlay": "rust-overlay"
      }
    },
    "rust-overlay": {
      "inputs": {
        "nixpkgs": [
          "nixpkgs"
        ]
      },
      "locked": {
        "lastModified": 1745894113,
        "narHash": "sha256-dxO3caQZMv/pMtcuXdi+SnAtyki6HFbSf1IpgQPXZYc=",
        "owner": "oxalica",
        "repo": "rust-overlay",
        "rev": "e552fe1b16ffafd678ebe061c22b117e050769ed",
        "type": "github"
      },
      "original": {
        "owner": "oxalica",
        "repo": "rust-overlay",
        "type": "github"
      }
    }
  },
  "root": "root",
  "version": 7
}
